{
    "name": "cwp-22-2",
    "requires": true,
    "lockfileVersion": 1,
    "dependencies": {
        "pn_by_eugene": {
            "version": "1.0.0",
            "resolved": "https://registry.npmjs.org/pn_by_eugene/-/pn_by_eugene-1.0.0.tgz",
            "integrity": "sha512-SBYciGGKPHWbAOW5JgIsM46oh0kTjgLEbKNxcZI3wXiRkKQrX58LRq9KO5BHJn39XOK2Pgjt9vjpxR/YDRkclQ=="
        }
    }
}
